
Microsoft Visual Studio Solution File, Format Version 12.00
# Visual Studio Version 17
VisualStudioVersion = 17.6.33723.286
MinimumVisualStudioVersion = 10.0.40219.1
Project("{9A19103F-16F7-4668-BE54-9A1E7A4F7556}") = "InVision", "InVision.csproj", "{32D80C07-9E2D-488E-A271-04DF40B8F4E3}"
EndProject
Global
	GlobalSection(SolutionConfigurationPlatforms) = preSolution
		Debug|Any CPU = Debug|Any CPU
		Release|Any CPU = Release|Any CPU
	EndGlobalSection
	GlobalSection(ProjectConfigurationPlatforms) = postSolution
		{32D80C07-9E2D-488E-A271-04DF40B8F4E3}.Debug|Any CPU.ActiveCfg = Debug|Any CPU
		{32D80C07-9E2D-488E-A271-04DF40B8F4E3}.Debug|Any CPU.Build.0 = Debug|Any CPU
		{32D80C07-9E2D-488E-A271-04DF40B8F4E3}.Release|Any CPU.ActiveCfg = Release|Any CPU
		{32D80C07-9E2D-488E-A271-04DF40B8F4E3}.Release|Any CPU.Build.0 = Release|Any CPU
	EndGlobalSection
	GlobalSection(SolutionProperties) = preSolution
		HideSolutionNode = FALSE
	EndGlobalSection
	GlobalSection(ExtensibilityGlobals) = postSolution
		SolutionGuid = {1171F784-9C10-49AC-A404-47E98E1C0638}
	EndGlobalSection
EndGlobal
